
Microsoft Visual Studio Solution File, Format Version 12.00
# Visual Studio Version 17
VisualStudioVersion = 17.13.35825.156 d17.13
MinimumVisualStudioVersion = 10.0.40219.1
Project("{FAE04EC0-301F-11D3-BF4B-00C04F79EFBC}") = "Calculadora2", "Calculadora2\Calculadora2.csproj", "{211121EC-706E-4630-830F-93DE1DD4F3F8}"
EndProject
Global
	GlobalSection(SolutionConfigurationPlatforms) = preSolution
		Debug|Any CPU = Debug|Any CPU
		Release|Any CPU = Release|Any CPU
	EndGlobalSection
	GlobalSection(ProjectConfigurationPlatforms) = postSolution
		{211121EC-706E-4630-830F-93DE1DD4F3F8}.Debug|Any CPU.ActiveCfg = Debug|Any CPU
		{211121EC-706E-4630-830F-93DE1DD4F3F8}.Debug|Any CPU.Build.0 = Debug|Any CPU
		{211121EC-706E-4630-830F-93DE1DD4F3F8}.Release|Any CPU.ActiveCfg = Release|Any CPU
		{211121EC-706E-4630-830F-93DE1DD4F3F8}.Release|Any CPU.Build.0 = Release|Any CPU
	EndGlobalSection
	GlobalSection(SolutionProperties) = preSolution
		HideSolutionNode = FALSE
	EndGlobalSection
	GlobalSection(ExtensibilityGlobals) = postSolution
		SolutionGuid = {9BEED2E4-5494-4DA0-B90A-71583983A2EF}
	EndGlobalSection
EndGlobal
